
Microsoft Visual Studio Solution File, Format Version 12.00
# Visual Studio 14
VisualStudioVersion = 14.0.25420.1
MinimumVisualStudioVersion = 10.0.40219.1
Project("{581633EB-B896-402F-8E60-36F3DA191C85}") = "SoumissionsTest", "SoumissionsTest\SoumissionsTest.lsxtproj", "{1F605993-F4FC-4C52-8848-DA4042E3B5E1}"
	ProjectSection(ProjectDependencies) = postProject
		{5781C91B-E0B0-4FE9-84F8-41E387E7C05C} = {5781C91B-E0B0-4FE9-84F8-41E387E7C05C}
	EndProjectSection
EndProject
Project("{FAE04EC0-301F-11D3-BF4B-00C04F79EFBC}") = "SoumissionsTest.Server", "SoumissionsTest\SoumissionsTest.Server\SoumissionsTest.Server.csproj", "{C692E25A-0AE4-4A38-8CE8-6C53D23D07B7}"
EndProject
Project("{FAE04EC0-301F-11D3-BF4B-00C04F79EFBC}") = "SoumissionsTest.DesktopClient", "SoumissionsTest\SoumissionsTest.DesktopClient\SoumissionsTest.DesktopClient.csproj", "{EF23CF19-5424-4C58-8130-F25074486FED}"
EndProject
Project("{FAE04EC0-301F-11D3-BF4B-00C04F79EFBC}") = "SilverlightCustomControls", "SilverlightCustomControls\SilverlightCustomControls.csproj", "{5781C91B-E0B0-4FE9-84F8-41E387E7C05C}"
	ProjectSection(ProjectDependencies) = postProject
		{C692E25A-0AE4-4A38-8CE8-6C53D23D07B7} = {C692E25A-0AE4-4A38-8CE8-6C53D23D07B7}
	EndProjectSection
EndProject
Project("{2150E333-8FDC-42A3-9474-1A3956D46DE8}") = "Solution Items", "Solution Items", "{EEDF0EC0-49DD-461B-807A-B595BCE47434}"
EndProject
Project("{00D1A9C2-B5F0-4AF3-8072-F6C62B433612}") = "DBProject", "DBProject\DBProject.sqlproj", "{63B88397-A4AC-4FEF-9A7F-65837AF60DEE}"
	ProjectSection(ProjectDependencies) = postProject
		{1F605993-F4FC-4C52-8848-DA4042E3B5E1} = {1F605993-F4FC-4C52-8848-DA4042E3B5E1}
	EndProjectSection
EndProject
Global
	GlobalSection(SolutionConfigurationPlatforms) = preSolution
		Debug|Any CPU = Debug|Any CPU
		Release|Any CPU = Release|Any CPU
	EndGlobalSection
	GlobalSection(ProjectConfigurationPlatforms) = postSolution
		{1F605993-F4FC-4C52-8848-DA4042E3B5E1}.Debug|Any CPU.ActiveCfg = Debug|Any CPU
		{1F605993-F4FC-4C52-8848-DA4042E3B5E1}.Debug|Any CPU.Build.0 = Debug|Any CPU
		{1F605993-F4FC-4C52-8848-DA4042E3B5E1}.Release|Any CPU.ActiveCfg = Release|Any CPU
		{1F605993-F4FC-4C52-8848-DA4042E3B5E1}.Release|Any CPU.Build.0 = Release|Any CPU
		{C692E25A-0AE4-4A38-8CE8-6C53D23D07B7}.Debug|Any CPU.ActiveCfg = Debug|Any CPU
		{C692E25A-0AE4-4A38-8CE8-6C53D23D07B7}.Debug|Any CPU.Build.0 = Debug|Any CPU
		{C692E25A-0AE4-4A38-8CE8-6C53D23D07B7}.Release|Any CPU.ActiveCfg = Release|Any CPU
		{C692E25A-0AE4-4A38-8CE8-6C53D23D07B7}.Release|Any CPU.Build.0 = Release|Any CPU
		{EF23CF19-5424-4C58-8130-F25074486FED}.Debug|Any CPU.ActiveCfg = Debug|Any CPU
		{EF23CF19-5424-4C58-8130-F25074486FED}.Debug|Any CPU.Build.0 = Debug|Any CPU
		{EF23CF19-5424-4C58-8130-F25074486FED}.Release|Any CPU.ActiveCfg = Release|Any CPU
		{EF23CF19-5424-4C58-8130-F25074486FED}.Release|Any CPU.Build.0 = Release|Any CPU
		{5781C91B-E0B0-4FE9-84F8-41E387E7C05C}.Debug|Any CPU.ActiveCfg = Debug|Any CPU
		{5781C91B-E0B0-4FE9-84F8-41E387E7C05C}.Debug|Any CPU.Build.0 = Debug|Any CPU
		{5781C91B-E0B0-4FE9-84F8-41E387E7C05C}.Release|Any CPU.ActiveCfg = Release|Any CPU
		{5781C91B-E0B0-4FE9-84F8-41E387E7C05C}.Release|Any CPU.Build.0 = Release|Any CPU
		{5781C91B-E0B0-4FE9-84F8-41E387E7C05C}.Release|Any CPU.Deploy.0 = Release|Any CPU
		{63B88397-A4AC-4FEF-9A7F-65837AF60DEE}.Debug|Any CPU.ActiveCfg = Debug|Any CPU
		{63B88397-A4AC-4FEF-9A7F-65837AF60DEE}.Debug|Any CPU.Build.0 = Debug|Any CPU
		{63B88397-A4AC-4FEF-9A7F-65837AF60DEE}.Debug|Any CPU.Deploy.0 = Debug|Any CPU
		{63B88397-A4AC-4FEF-9A7F-65837AF60DEE}.Release|Any CPU.ActiveCfg = Release|Any CPU
		{63B88397-A4AC-4FEF-9A7F-65837AF60DEE}.Release|Any CPU.Build.0 = Release|Any CPU
	EndGlobalSection
	GlobalSection(SolutionProperties) = preSolution
		HideSolutionNode = FALSE
	EndGlobalSection
EndGlobal
